// !$*UTF8*$!
{
	archiveVersion = 1;
	classes = {
	};
	objectVersion = 110;
	objects = {

/* Begin PBXContainerItemProxy section */
		B4DD879F306A256F0072B65B /* PBXContainerItemProxy */ = {
			isa = PBXContainerItemProxy;
			containerPortal = B4DD8787306A256E0072B65B /* Project object */;
			proxyType = 1;
			remoteGlobalIDString = B4DD878E306A256E0072B65B;
			remoteInfo = Cuevana;
		};
		B4DD87A9306A256F0072B65B /* PBXContainerItemProxy */ = {
			isa = PBXContainerItemProxy;
			containerPortal = B4DD8787306A256E0072B65B /* Project object */;
			proxyType = 1;
			remoteGlobalIDString = B4DD878E306A256E0072B65B;
			remoteInfo = Cuevana;
		};
/* End PBXContainerItemProxy section */

/* Begin PBXFileReference section */
		B4DD878F306A256E0072B65B /* Cuevana.app */ = {isa = PBXFileReference; explicitFileType = wrapper.application; includeInIndex = 0; path = Cuevana.app; sourceTree = BUILT_PRODUCTS_DIR; };
		B4DD879E306A256F0072B65B /* CuevanaTests.xctest */ = {isa = PBXFileReference; explicitFileType = wrapper.cfbundle; includeInIndex = 0; path = CuevanaTests.xctest; sourceTree = BUILT_PRODUCTS_DIR; };
		B4DD87A8306A256F0072B65B /* CuevanaUITests.xctest */ = {isa = PBXFileReference; explicitFileType = wrapper.cfbundle; includeInIndex = 0; path = CuevanaUITests.xctest; sourceTree = BUILT_PRODUCTS_DIR; };
/* End PBXFileReference section */

/* Begin PBXFileSystemSynchronizedRootGroup section */
		B4DD8791306A256E0072B65B /* Cuevana */ = {
			isa = PBXFileSystemSynchronizedRootGroup;
			path = Cuevana;
			sourceTree = "<group>";
		};
		B4DD87A1306A256F0072B65B /* CuevanaTests */ = {
			isa = PBXFileSystemSynchronizedRootGroup;
			path = CuevanaTests;
			sourceTree = "<group>";
		};
		B4DD87AB306A256F0072B65B /* CuevanaUITests */ = {
			isa = PBXFileSystemSynchronizedRootGroup;
			path = CuevanaUITests;
			sourceTree = "<group>";
		};
/* End PBXFileSystemSynchronizedRootGroup section */

/* Begin PBXFrameworksBuildPhase section */
		B4DD878C306A256E0072B65B /* Frameworks */ = {
			isa = PBXFrameworksBuildPhase;
			files = (
			);
		};
		B4DD879B306A256F0072B65B /* Frameworks */ = {
			isa = PBXFrameworksBuildPhase;
			files = (
			);
		};
		B4DD87A5306A256F0072B65B /* Frameworks */ = {
			isa = PBXFrameworksBuildPhase;
			files = (
			);
		};
/* End PBXFrameworksBuildPhase section */

/* Begin PBXGroup section */
		B4DD8786306A256E0072B65B = {
			isa = PBXGroup;
			children = (
				B4DD8791306A256E0072B65B /* Cuevana */,
				B4DD87A1306A256F0072B65B /* CuevanaTests */,
				B4DD87AB306A256F0072B65B /* CuevanaUITests */,
				B4DD8790306A256E0072B65B /* Products */,
			);
			sourceTree = "<group>";
		};
		B4DD8790306A256E0072B65B /* Products */ = {
			isa = PBXGroup;
			children = (
				B4DD878F306A256E0072B65B /* Cuevana.app */,
				B4DD879E306A256F0072B65B /* CuevanaTests.xctest */,
				B4DD87A8306A256F0072B65B /* CuevanaUITests.xctest */,
			);
			name = Products;
			sourceTree = "<group>";
		};
/* End PBXGroup section */

/* Begin PBXNativeTarget section */
		B4DD878E306A256E0072B65B /* Cuevana */ = {
			isa = PBXNativeTarget;
			buildConfigurationList = B4DD87B0306A256F0072B65B /* Build configuration list for PBXNativeTarget "Cuevana" */;
			buildPhases = (
				B4DD878B306A256E0072B65B /* Sources */,
				B4DD878C306A256E0072B65B /* Frameworks */,
				B4DD878D306A256E0072B65B /* Resources */,
			);
			buildRules = (
			);
			fileSystemSynchronizedGroups = (
				B4DD8791306A256E0072B65B /* Cuevana */,
			);
			name = Cuevana;
			productName = Cuevana;
			productReference = B4DD878F306A256E0072B65B /* Cuevana.app */;
			productType = "com.apple.product-type.application";
		};
		B4DD879D306A256F0072B65B /* CuevanaTests */ = {
			isa = PBXNativeTarget;
			buildConfigurationList = B4DD87B3306A256F0072B65B /* Build configuration list for PBXNativeTarget "CuevanaTests" */;
			buildPhases = (
				B4DD879A306A256F0072B65B /* Sources */,
				B4DD879B306A256F0072B65B /* Frameworks */,
				B4DD879C306A256F0072B65B /* Resources */,
			);
			buildRules = (
			);
			dependencies = (
				B4DD87A0306A256F0072B65B /* PBXTargetDependency */,
			);
			fileSystemSynchronizedGroups = (
				B4DD87A1306A256F0072B65B /* CuevanaTests */,
			);
			name = CuevanaTests;
			productName = CuevanaTests;
			productReference = B4DD879E306A256F0072B65B /* CuevanaTests.xctest */;
			productType = "com.apple.product-type.bundle.unit-test";
		};
		B4DD87A7306A256F0072B65B /* CuevanaUITests */ = {
			isa = PBXNativeTarget;
			buildConfigurationList = B4DD87B6306A256F0072B65B /* Build configuration list for PBXNativeTarget "CuevanaUITests" */;
			buildPhases = (
				B4DD87A4306A256F0072B65B /* Sources */,
				B4DD87A5306A256F0072B65B /* Frameworks */,
				B4DD87A6306A256F0072B65B /* Resources */,
			);
			buildRules = (
			);
			dependencies = (
				B4DD87AA306A256F0072B65B /* PBXTargetDependency */,
			);
			fileSystemSynchronizedGroups = (
				B4DD87AB306A256F0072B65B /* CuevanaUITests */,
			);
			name = CuevanaUITests;
			productName = CuevanaUITests;
			productReference = B4DD87A8306A256F0072B65B /* CuevanaUITests.xctest */;
			productType = "com.apple.product-type.bundle.ui-testing";
		};
/* End PBXNativeTarget section */

/* Begin PBXProject section */
		B4DD8787306A256E0072B65B /* Project object */ = {
			isa = PBXProject;
			attributes = {
				BuildIndependentTargetsInParallel = 1;
				LastSwiftUpdateCheck = 2700;
				LastUpgradeCheck = 2700;
				TargetAttributes = {
					B4DD878E306A256E0072B65B = {
						CreatedOnToolsVersion = 27.0;
					};
					B4DD879D306A256F0072B65B = {
						CreatedOnToolsVersion = 27.0;
						TestTargetID = B4DD878E306A256E0072B65B;
					};
					B4DD87A7306A256F0072B65B = {
						CreatedOnToolsVersion = 27.0;
						TestTargetID = B4DD878E306A256E0072B65B;
					};
				};
			};
			buildConfigurationList = B4DD878A306A256E0072B65B /* Build configuration list for PBXProject "Cuevana" */;
			developmentRegion = en;
			hasScannedForEncodings = 0;
			knownRegions = (
				en,
				Base,
			);
			mainGroup = B4DD8786306A256E0072B65B;
			minimizedProjectReferenceProxies = 1;
			preferredProjectObjectVersion = 77;
			productRefGroup = B4DD8790306A256E0072B65B /* Products */;
			projectDirPath = "";
			projectRoot = "";
			targets = (
				B4DD878E306A256E0072B65B /* Cuevana */,
				B4DD879D306A256F0072B65B /* CuevanaTests */,
				B4DD87A7306A256F0072B65B /* CuevanaUITests */,
			);
		};
/* End PBXProject section */

/* Begin PBXResourcesBuildPhase section */
		B4DD878D306A256E0072B65B /* Resources */ = {
			isa = PBXResourcesBuildPhase;
			files = (
			);
		};
		B4DD879C306A256F0072B65B /* Resources */ = {
			isa = PBXResourcesBuildPhase;
			files = (
			);
		};
		B4DD87A6306A256F0072B65B /* Resources */ = {
			isa = PBXResourcesBuildPhase;
			files = (
			);
		};
/* End PBXResourcesBuildPhase section */

/* Begin PBXSourcesBuildPhase section */
		B4DD878B306A256E0072B65B /* Sources */ = {
			isa = PBXSourcesBuildPhase;
			files = (
			);
		};
		B4DD879A306A256F0072B65B /* Sources */ = {
			isa = PBXSourcesBuildPhase;
			files = (
			);
		};
		B4DD87A4306A256F0072B65B /* Sources */ = {
			isa = PBXSourcesBuildPhase;
			files = (
			);
		};
/* End PBXSourcesBuildPhase section */

/* Begin PBXTargetDependency section */
		B4DD87A0306A256F0072B65B /* PBXTargetDependency */ = {
			isa = PBXTargetDependency;
			target = B4DD878E306A256E0072B65B /* Cuevana */;
			targetProxy = B4DD879F306A256F0072B65B /* PBXContainerItemProxy */;
		};
		B4DD87AA306A256F0072B65B /* PBXTargetDependency */ = {
			isa = PBXTargetDependency;
			target = B4DD878E306A256E0072B65B /* Cuevana */;
			targetProxy = B4DD87A9306A256F0072B65B /* PBXContainerItemProxy */;
		};
/* End PBXTargetDependency section */

/* Begin XCBuildConfiguration section */
		B4DD87AE306A256F0072B65B /* Debug configuration for PBXProject "Cuevana" */ = {
			isa = XCBuildConfiguration;
			buildSettings = {
				ALWAYS_SEARCH_USER_PATHS = NO;
				ASSETCATALOG_COMPILER_GENERATE_SWIFT_ASSET_SYMBOL_EXTENSIONS = YES;
				CLANG_ANALYZER_NONNULL = YES;
				CLANG_ANALYZER_NUMBER_OBJECT_CONVERSION = YES_AGGRESSIVE;
				CLANG_CXX_LANGUAGE_STANDARD = "gnu++20";
				CLANG_ENABLE_MODULES = YES;
				CLANG_ENABLE_OBJC_ARC = YES;
				CLANG_ENABLE_OBJC_WEAK = YES;
				CLANG_WARN_BLOCK_CAPTURE_AUTORELEASING = YES;
				CLANG_WARN_BOOL_CONVERSION = YES;
				CLANG_WARN_COMMA = YES;
				CLANG_WARN_CONSTANT_CONVERSION = YES;
				CLANG_WARN_DEPRECATED_OBJC_IMPLEMENTATIONS = YES;
				CLANG_WARN_DIRECT_OBJC_ISA_USAGE = YES_ERROR;
				CLANG_WARN_DOCUMENTATION_COMMENTS = YES;
				CLANG_WARN_EMPTY_BODY = YES;
				CLANG_WARN_ENUM_CONVERSION = YES;
				CLANG_WARN_INFINITE_RECURSION = YES;
				CLANG_WARN_INT_CONVERSION = YES;
				CLANG_WARN_NON_LITERAL_NULL_CONVERSION = YES;
				CLANG_WARN_OBJC_IMPLICIT_RETAIN_SELF = YES;
				CLANG_WARN_OBJC_LITERAL_CONVERSION = YES;
				CLANG_WARN_OBJC_ROOT_CLASS = YES_ERROR;
				CLANG_WARN_QUOTED_INCLUDE_IN_FRAMEWORK_HEADER = YES;
				CLANG_WARN_RANGE_LOOP_ANALYSIS = YES;
				CLANG_WARN_STRICT_PROTOTYPES = YES;
				CLANG_WARN_SUSPICIOUS_MOVE = YES;
				CLANG_WARN_UNGUARDED_AVAILABILITY = YES_AGGRESSIVE;
				CLANG_WARN_UNREACHABLE_CODE = YES;
				CLANG_WARN__DUPLICATE_METHOD_MATCH = YES;
				COPY_PHASE_STRIP = NO;
				DEBUG_INFORMATION_FORMAT = dwarf;
				ENABLE_STRICT_OBJC_MSGSEND = YES;
				ENABLE_TESTABILITY = YES;
				ENABLE_USER_SCRIPT_SANDBOXING = YES;
				GCC_C_LANGUAGE_STANDARD = gnu17;
				GCC_DYNAMIC_NO_PIC = NO;
				GCC_NO_COMMON_BLOCKS = YES;
				GCC_OPTIMIZATION_LEVEL = 0;
				GCC_PREPROCESSOR_DEFINITIONS = (
					"DEBUG=1",
					"$(inherited)",
				);
				GCC_WARN_64_TO_32_BIT_CONVERSION = YES;
				GCC_WARN_ABOUT_RETURN_TYPE = YES_ERROR;
				GCC_WARN_UNDECLARED_SELECTOR = YES;
				GCC_WARN_UNINITIALIZED_AUTOS = YES_AGGRESSIVE;
				GCC_WARN_UNUSED_FUNCTION = YES;
				GCC_WARN_UNUSED_VARIABLE = YES;
				IPHONEOS_DEPLOYMENT_TARGET = 27.0;
				LOCALIZATION_PREFERS_STRING_CATALOGS = YES;
				MTL_ENABLE_DEBUG_INFO = INCLUDE_SOURCE;
				MTL_FAST_MATH = YES;
				ONLY_ACTIVE_ARCH = YES;
				SDKROOT = iphoneos;
				SWIFT_ACTIVE_COMPILATION_CONDITIONS = "DEBUG $(inherited)";
				SWIFT_OPTIMIZATION_LEVEL = "-Onone";
			};
			name = Debug;
		};
		B4DD87AF306A256F0072B65B /* Release configuration for PBXProject "Cuevana" */ = {
			isa = XCBuildConfiguration;
			buildSettings = {
				ALWAYS_SEARCH_USER_PATHS = NO;
				ASSETCATALOG_COMPILER_GENERATE_SWIFT_ASSET_SYMBOL_EXTENSIONS = YES;
				CLANG_ANALYZER_NONNULL = YES;
				CLANG_ANALYZER_NUMBER_OBJECT_CONVERSION = YES_AGGRESSIVE;
				CLANG_CXX_LANGUAGE_STANDARD = "gnu++20";
				CLANG_ENABLE_MODULES = YES;
				CLANG_ENABLE_OBJC_ARC = YES;
				CLANG_ENABLE_OBJC_WEAK = YES;
				CLANG_WARN_BLOCK_CAPTURE_AUTORELEASING = YES;
				CLANG_WARN_BOOL_CONVERSION = YES;
				CLANG_WARN_COMMA = YES;
				CLANG_WARN_CONSTANT_CONVERSION = YES;
				CLANG_WARN_DEPRECATED_OBJC_IMPLEMENTATIONS = YES;
				CLANG_WARN_DIRECT_OBJC_ISA_USAGE = YES_ERROR;
				CLANG_WARN_DOCUMENTATION_COMMENTS = YES;
				CLANG_WARN_EMPTY_BODY = YES;
				CLANG_WARN_ENUM_CONVERSION = YES;
				CLANG_WARN_INFINITE_RECURSION = YES;
				CLANG_WARN_INT_CONVERSION = YES;
				CLANG_WARN_NON_LITERAL_NULL_CONVERSION = YES;
				CLANG_WARN_OBJC_IMPLICIT_RETAIN_SELF = YES;
				CLANG_WARN_OBJC_LITERAL_CONVERSION = YES;
				CLANG_WARN_OBJC_ROOT_CLASS = YES_ERROR;
				CLANG_WARN_QUOTED_INCLUDE_IN_FRAMEWORK_HEADER = YES;
				CLANG_WARN_RANGE_LOOP_ANALYSIS = YES;
				CLANG_WARN_STRICT_PROTOTYPES = YES;
				CLANG_WARN_SUSPICIOUS_MOVE = YES;
				CLANG_WARN_UNGUARDED_AVAILABILITY = YES_AGGRESSIVE;
				CLANG_WARN_UNREACHABLE_CODE = YES;
				CLANG_WARN__DUPLICATE_METHOD_MATCH = YES;
				COPY_PHASE_STRIP = NO;
				DEBUG_INFORMATION_FORMAT = "dwarf-with-dsym";
				ENABLE_NS_ASSERTIONS = NO;
				ENABLE_STRICT_OBJC_MSGSEND = YES;
				ENABLE_USER_SCRIPT_SANDBOXING = YES;
				GCC_C_LANGUAGE_STANDARD = gnu17;
				GCC_NO_COMMON_BLOCKS = YES;
				GCC_WARN_64_TO_32_BIT_CONVERSION = YES;
				GCC_WARN_ABOUT_RETURN_TYPE = YES_ERROR;
				GCC_WARN_UNDECLARED_SELECTOR = YES;
				GCC_WARN_UNINITIALIZED_AUTOS = YES_AGGRESSIVE;
				GCC_WARN_UNUSED_FUNCTION = YES;
				GCC_WARN_UNUSED_VARIABLE = YES;
				IPHONEOS_DEPLOYMENT_TARGET = 27.0;
				LOCALIZATION_PREFERS_STRING_CATALOGS = YES;
				MTL_ENABLE_DEBUG_INFO = NO;
				MTL_FAST_MATH = YES;
				SDKROOT = iphoneos;
				SWIFT_COMPILATION_MODE = wholemodule;
				VALIDATE_PRODUCT = YES;
			};
			name = Release;
		};
		B4DD87B1306A256F0072B65B /* Debug configuration for PBXNativeTarget "Cuevana" */ = {
			isa = XCBuildConfiguration;
			buildSettings = {
				ASSETCATALOG_COMPILER_APPICON_NAME = AppIcon;
				ASSETCATALOG_COMPILER_GLOBAL_ACCENT_COLOR_NAME = AccentColor;
				CODE_SIGN_STYLE = Automatic;
				CURRENT_PROJECT_VERSION = 1;
				ENABLE_PREVIEWS = YES;
				GENERATE_INFOPLIST_FILE = YES;
				INFOPLIST_KEY_UIApplicationSceneManifest_Generation = YES;
				INFOPLIST_KEY_UIApplicationSupportsIndirectInputEvents = YES;
				INFOPLIST_KEY_UILaunchScreen_Generation = YES;
				INFOPLIST_KEY_UISupportedInterfaceOrientations_iPad = "UIInterfaceOrientationPortrait UIInterfaceOrientationPortraitUpsideDown UIInterfaceOrientationLandscapeLeft UIInterfaceOrientationLandscapeRight";
				INFOPLIST_KEY_UISupportedInterfaceOrientations_iPhone = "UIInterfaceOrientationPortrait UIInterfaceOrientationLandscapeLeft UIInterfaceOrientationLandscapeRight";
				LD_RUNPATH_SEARCH_PATHS = (
					"$(inherited)",
					"@executable_path/Frameworks",
				);
				MARKETING_VERSION = 1.0;
				PRODUCT_BUNDLE_IDENTIFIER = s.Cuevana;
				PRODUCT_NAME = "$(TARGET_NAME)";
				STRING_CATALOG_GENERATE_SYMBOLS = YES;
				SWIFT_APPROACHABLE_CONCURRENCY = YES;
				SWIFT_DEFAULT_ACTOR_ISOLATION = MainActor;
				SWIFT_EMIT_LOC_STRINGS = YES;
				SWIFT_UPCOMING_FEATURE_MEMBER_IMPORT_VISIBILITY = YES;
				SWIFT_VERSION = 5.0;
				TARGETED_DEVICE_FAMILY = "1,2";
			};
			name = Debug;
		};
		B4DD87B2306A256F0072B65B /* Release configuration for PBXNativeTarget "Cuevana" */ = {
			isa = XCBuildConfiguration;
			buildSettings = {
				ASSETCATALOG_COMPILER_APPICON_NAME = AppIcon;
				ASSETCATALOG_COMPILER_GLOBAL_ACCENT_COLOR_NAME = AccentColor;
				CODE_SIGN_STYLE = Automatic;
				CURRENT_PROJECT_VERSION = 1;
				ENABLE_PREVIEWS = YES;
				GENERATE_INFOPLIST_FILE = YES;
				INFOPLIST_KEY_UIApplicationSceneManifest_Generation = YES;
				INFOPLIST_KEY_UIApplicationSupportsIndirectInputEvents = YES;
				INFOPLIST_KEY_UILaunchScreen_Generation = YES;
				INFOPLIST_KEY_UISupportedInterfaceOrientations_iPad = "UIInterfaceOrientationPortrait UIInterfaceOrientationPortraitUpsideDown UIInterfaceOrientationLandscapeLeft UIInterfaceOrientationLandscapeRight";
				INFOPLIST_KEY_UISupportedInterfaceOrientations_iPhone = "UIInterfaceOrientationPortrait UIInterfaceOrientationLandscapeLeft UIInterfaceOrientationLandscapeRight";
				LD_RUNPATH_SEARCH_PATHS = (
					"$(inherited)",
					"@executable_path/Frameworks",
				);
				MARKETING_VERSION = 1.0;
				PRODUCT_BUNDLE_IDENTIFIER = s.Cuevana;
				PRODUCT_NAME = "$(TARGET_NAME)";
				STRING_CATALOG_GENERATE_SYMBOLS = YES;
				SWIFT_APPROACHABLE_CONCURRENCY = YES;
				SWIFT_DEFAULT_ACTOR_ISOLATION = MainActor;
				SWIFT_EMIT_LOC_STRINGS = YES;
				SWIFT_UPCOMING_FEATURE_MEMBER_IMPORT_VISIBILITY = YES;
				SWIFT_VERSION = 5.0;
				TARGETED_DEVICE_FAMILY = "1,2";
			};
			name = Release;
		};
		B4DD87B4306A256F0072B65B /* Debug configuration for PBXNativeTarget "CuevanaTests" */ = {
			isa = XCBuildConfiguration;
			buildSettings = {
				BUNDLE_LOADER = "$(TEST_HOST)";
				CODE_SIGN_STYLE = Automatic;
				CURRENT_PROJECT_VERSION = 1;
				GENERATE_INFOPLIST_FILE = YES;
				IPHONEOS_DEPLOYMENT_TARGET = 27.0;
				MARKETING_VERSION = 1.0;
				PRODUCT_BUNDLE_IDENTIFIER = s.CuevanaTests;
				PRODUCT_NAME = "$(TARGET_NAME)";
				STRING_CATALOG_GENERATE_SYMBOLS = NO;
				SWIFT_APPROACHABLE_CONCURRENCY = YES;
				SWIFT_EMIT_LOC_STRINGS = NO;
				SWIFT_UPCOMING_FEATURE_MEMBER_IMPORT_VISIBILITY = YES;
				SWIFT_VERSION = 5.0;
				TARGETED_DEVICE_FAMILY = "1,2";
				TEST_HOST = "$(BUILT_PRODUCTS_DIR)/Cuevana.app/$(BUNDLE_EXECUTABLE_FOLDER_PATH)/Cuevana";
			};
			name = Debug;
		};
		B4DD87B5306A256F0072B65B /* Release configuration for PBXNativeTarget "CuevanaTests" */ = {
			isa = XCBuildConfiguration;
			buildSettings = {
				BUNDLE_LOADER = "$(TEST_HOST)";
				CODE_SIGN_STYLE = Automatic;
				CURRENT_PROJECT_VERSION = 1;
				GENERATE_INFOPLIST_FILE = YES;
				IPHONEOS_DEPLOYMENT_TARGET = 27.0;
				MARKETING_VERSION = 1.0;
				PRODUCT_BUNDLE_IDENTIFIER = s.CuevanaTests;
				PRODUCT_NAME = "$(TARGET_NAME)";
				STRING_CATALOG_GENERATE_SYMBOLS = NO;
				SWIFT_APPROACHABLE_CONCURRENCY = YES;
				SWIFT_EMIT_LOC_STRINGS = NO;
				SWIFT_UPCOMING_FEATURE_MEMBER_IMPORT_VISIBILITY = YES;
				SWIFT_VERSION = 5.0;
				TARGETED_DEVICE_FAMILY = "1,2";
				TEST_HOST = "$(BUILT_PRODUCTS_DIR)/Cuevana.app/$(BUNDLE_EXECUTABLE_FOLDER_PATH)/Cuevana";
			};
			name = Release;
		};
		B4DD87B7306A256F0072B65B /* Debug configuration for PBXNativeTarget "CuevanaUITests" */ = {
			isa = XCBuildConfiguration;
			buildSettings = {
				CODE_SIGN_STYLE = Automatic;
				CURRENT_PROJECT_VERSION = 1;
				GENERATE_INFOPLIST_FILE = YES;
				MARKETING_VERSION = 1.0;
				PRODUCT_BUNDLE_IDENTIFIER = s.CuevanaUITests;
				PRODUCT_NAME = "$(TARGET_NAME)";
				STRING_CATALOG_GENERATE_SYMBOLS = NO;
				SWIFT_APPROACHABLE_CONCURRENCY = YES;
				SWIFT_EMIT_LOC_STRINGS = NO;
				SWIFT_UPCOMING_FEATURE_MEMBER_IMPORT_VISIBILITY = YES;
				SWIFT_VERSION = 5.0;
				TARGETED_DEVICE_FAMILY = "1,2";
				TEST_TARGET_NAME = Cuevana;
			};
			name = Debug;
		};
		B4DD87B8306A256F0072B65B /* Release configuration for PBXNativeTarget "CuevanaUITests" */ = {
			isa = XCBuildConfiguration;
			buildSettings = {
				CODE_SIGN_STYLE = Automatic;
				CURRENT_PROJECT_VERSION = 1;
				GENERATE_INFOPLIST_FILE = YES;
				MARKETING_VERSION = 1.0;
				PRODUCT_BUNDLE_IDENTIFIER = s.CuevanaUITests;
				PRODUCT_NAME = "$(TARGET_NAME)";
				STRING_CATALOG_GENERATE_SYMBOLS = NO;
				SWIFT_APPROACHABLE_CONCURRENCY = YES;
				SWIFT_EMIT_LOC_STRINGS = NO;
				SWIFT_UPCOMING_FEATURE_MEMBER_IMPORT_VISIBILITY = YES;
				SWIFT_VERSION = 5.0;
				TARGETED_DEVICE_FAMILY = "1,2";
				TEST_TARGET_NAME = Cuevana;
			};
			name = Release;
		};
/* End XCBuildConfiguration section */

/* Begin XCConfigurationList section */
		B4DD878A306A256E0072B65B /* Build configuration list for PBXProject "Cuevana" */ = {
			isa = XCConfigurationList;
			buildConfigurations = (
				B4DD87AE306A256F0072B65B /* Debug configuration for PBXProject "Cuevana" */,
				B4DD87AF306A256F0072B65B /* Release configuration for PBXProject "Cuevana" */,
			);
			defaultConfigurationName = Release;
		};
		B4DD87B0306A256F0072B65B /* Build configuration list for PBXNativeTarget "Cuevana" */ = {
			isa = XCConfigurationList;
			buildConfigurations = (
				B4DD87B1306A256F0072B65B /* Debug configuration for PBXNativeTarget "Cuevana" */,
				B4DD87B2306A256F0072B65B /* Release configuration for PBXNativeTarget "Cuevana" */,
			);
			defaultConfigurationName = Release;
		};
		B4DD87B3306A256F0072B65B /* Build configuration list for PBXNativeTarget "CuevanaTests" */ = {
			isa = XCConfigurationList;
			buildConfigurations = (
				B4DD87B4306A256F0072B65B /* Debug configuration for PBXNativeTarget "CuevanaTests" */,
				B4DD87B5306A256F0072B65B /* Release configuration for PBXNativeTarget "CuevanaTests" */,
			);
			defaultConfigurationName = Release;
		};
		B4DD87B6306A256F0072B65B /* Build configuration list for PBXNativeTarget "CuevanaUITests" */ = {
			isa = XCConfigurationList;
			buildConfigurations = (
				B4DD87B7306A256F0072B65B /* Debug configuration for PBXNativeTarget "CuevanaUITests" */,
				B4DD87B8306A256F0072B65B /* Release configuration for PBXNativeTarget "CuevanaUITests" */,
			);
			defaultConfigurationName = Release;
		};
/* End XCConfigurationList section */
	};
	rootObject = B4DD8787306A256E0072B65B /* Project object */;
	validationLevel = 1;
}
